
Microsoft Visual Studio Solution File, Format Version 12.00
# Visual Studio 15
Project("{FAE04EC0-301F-11D3-BF4B-00C04F79EFBC}") = "Assembly-CSharp-Editor", "Assembly-CSharp-Editor.csproj", "{E7FA7E27-5002-F012-5C9D-CFF3A3E66FCC}"
EndProject
Project("{FAE04EC0-301F-11D3-BF4B-00C04F79EFBC}") = "Assembly-CSharp", "Assembly-CSharp.csproj", "{5B4E12C0-3265-7641-F209-1E29B1E6B4F5}"
EndProject
Project("{FAE04EC0-301F-11D3-BF4B-00C04F79EFBC}") = "URPWizard", "URPWizard.csproj", "{43DBD0A8-89B5-75D1-02EF-493069B36260}"
EndProject
Global
	GlobalSection(SolutionConfigurationPlatforms) = preSolution
		Debug|Any CPU = Debug|Any CPU
		Release|Any CPU = Release|Any CPU
	EndGlobalSection
	GlobalSection(ProjectConfigurationPlatforms) = postSolution
		{E7FA7E27-5002-F012-5C9D-CFF3A3E66FCC}.Debug|Any CPU.ActiveCfg = Debug|Any CPU
		{E7FA7E27-5002-F012-5C9D-CFF3A3E66FCC}.Debug|Any CPU.Build.0 = Debug|Any CPU
		{E7FA7E27-5002-F012-5C9D-CFF3A3E66FCC}.Release|Any CPU.ActiveCfg = Release|Any CPU
		{E7FA7E27-5002-F012-5C9D-CFF3A3E66FCC}.Release|Any CPU.Build.0 = Release|Any CPU
		{5B4E12C0-3265-7641-F209-1E29B1E6B4F5}.Debug|Any CPU.ActiveCfg = Debug|Any CPU
		{5B4E12C0-3265-7641-F209-1E29B1E6B4F5}.Debug|Any CPU.Build.0 = Debug|Any CPU
		{5B4E12C0-3265-7641-F209-1E29B1E6B4F5}.Release|Any CPU.ActiveCfg = Release|Any CPU
		{5B4E12C0-3265-7641-F209-1E29B1E6B4F5}.Release|Any CPU.Build.0 = Release|Any CPU
		{43DBD0A8-89B5-75D1-02EF-493069B36260}.Debug|Any CPU.ActiveCfg = Debug|Any CPU
		{43DBD0A8-89B5-75D1-02EF-493069B36260}.Debug|Any CPU.Build.0 = Debug|Any CPU
		{43DBD0A8-89B5-75D1-02EF-493069B36260}.Release|Any CPU.ActiveCfg = Release|Any CPU
		{43DBD0A8-89B5-75D1-02EF-493069B36260}.Release|Any CPU.Build.0 = Release|Any CPU
	EndGlobalSection
	GlobalSection(SolutionProperties) = preSolution
		HideSolutionNode = FALSE
	EndGlobalSection
EndGlobal
